
Microsoft Visual Studio Solution File, Format Version 12.00
# Visual Studio Version 16
VisualStudioVersion = 16.0.31911.196
MinimumVisualStudioVersion = 10.0.40219.1
Project("{FAE04EC0-301F-11D3-BF4B-00C04F79EFBC}") = "MetAspNetCoreDepInj", "MetAspNetCoreDepInj\MetAspNetCoreDepInj.csproj", "{87B9DCB9-F644-4232-B4A2-3372673DEC61}"
EndProject
Global
	GlobalSection(SolutionConfigurationPlatforms) = preSolution
		Debug|Any CPU = Debug|Any CPU
		Release|Any CPU = Release|Any CPU
	EndGlobalSection
	GlobalSection(ProjectConfigurationPlatforms) = postSolution
		{87B9DCB9-F644-4232-B4A2-3372673DEC61}.Debug|Any CPU.ActiveCfg = Debug|Any CPU
		{87B9DCB9-F644-4232-B4A2-3372673DEC61}.Debug|Any CPU.Build.0 = Debug|Any CPU
		{87B9DCB9-F644-4232-B4A2-3372673DEC61}.Release|Any CPU.ActiveCfg = Release|Any CPU
		{87B9DCB9-F644-4232-B4A2-3372673DEC61}.Release|Any CPU.Build.0 = Release|Any CPU
	EndGlobalSection
	GlobalSection(SolutionProperties) = preSolution
		HideSolutionNode = FALSE
	EndGlobalSection
	GlobalSection(ExtensibilityGlobals) = postSolution
		SolutionGuid = {A68A9DEC-2826-4E9A-BCD1-1A319EABE170}
	EndGlobalSection
EndGlobal
